
Microsoft Visual Studio Solution File, Format Version 12.00
# Visual Studio 15
VisualStudioVersion = 15.0.28307.168
MinimumVisualStudioVersion = 10.0.40219.1
Project("{FAE04EC0-301F-11D3-BF4B-00C04F79EFBC}") = "ASP_1", "ASP_1\ASP_1.csproj", "{FEE8773A-244C-433A-8B88-B9CF47529D38}"
EndProject
Global
	GlobalSection(SolutionConfigurationPlatforms) = preSolution
		Debug|Any CPU = Debug|Any CPU
		Release|Any CPU = Release|Any CPU
	EndGlobalSection
	GlobalSection(ProjectConfigurationPlatforms) = postSolution
		{FEE8773A-244C-433A-8B88-B9CF47529D38}.Debug|Any CPU.ActiveCfg = Debug|Any CPU
		{FEE8773A-244C-433A-8B88-B9CF47529D38}.Debug|Any CPU.Build.0 = Debug|Any CPU
		{FEE8773A-244C-433A-8B88-B9CF47529D38}.Release|Any CPU.ActiveCfg = Release|Any CPU
		{FEE8773A-244C-433A-8B88-B9CF47529D38}.Release|Any CPU.Build.0 = Release|Any CPU
	EndGlobalSection
	GlobalSection(SolutionProperties) = preSolution
		HideSolutionNode = FALSE
	EndGlobalSection
	GlobalSection(ExtensibilityGlobals) = postSolution
		SolutionGuid = {AF6C2FB9-C40C-4725-9413-64A3A5EBAF93}
	EndGlobalSection
EndGlobal
